
Microsoft Visual Studio Solution File, Format Version 12.00
# Visual Studio Version 16
VisualStudioVersion = 16.0.29411.108
MinimumVisualStudioVersion = 10.0.40219.1
Project("{FAE04EC0-301F-11D3-BF4B-00C04F79EFBC}") = "ProjektDownloadMp3mp4.Android", "ProjektDownloadMp3mp4.Android\ProjektDownloadMp3mp4.Android.csproj", "{D5DB4CE1-D973-46AF-8263-83CFA6297F60}"
EndProject
Project("{FAE04EC0-301F-11D3-BF4B-00C04F79EFBC}") = "ProjektDownloadMp3mp4.iOS", "ProjektDownloadMp3mp4.iOS\ProjektDownloadMp3mp4.iOS.csproj", "{6C430BFF-98F7-4D42-9671-A66493705DC0}"
EndProject
Project("{FAE04EC0-301F-11D3-BF4B-00C04F79EFBC}") = "ProjektDownloadMp3mp4", "ProjektDownloadMp3mp4\ProjektDownloadMp3mp4.csproj", "{2A6A98AB-0114-468B-9E41-EE7312374C63}"
EndProject
Global
	GlobalSection(SolutionConfigurationPlatforms) = preSolution
		Debug|Any CPU = Debug|Any CPU
		Debug|iPhone = Debug|iPhone
		Debug|iPhoneSimulator = Debug|iPhoneSimulator
		Release|Any CPU = Release|Any CPU
		Release|iPhone = Release|iPhone
		Release|iPhoneSimulator = Release|iPhoneSimulator
	EndGlobalSection
	GlobalSection(ProjectConfigurationPlatforms) = postSolution
		{D5DB4CE1-D973-46AF-8263-83CFA6297F60}.Debug|Any CPU.ActiveCfg = Debug|Any CPU
		{D5DB4CE1-D973-46AF-8263-83CFA6297F60}.Debug|Any CPU.Build.0 = Debug|Any CPU
		{D5DB4CE1-D973-46AF-8263-83CFA6297F60}.Debug|Any CPU.Deploy.0 = Debug|Any CPU
		{D5DB4CE1-D973-46AF-8263-83CFA6297F60}.Debug|iPhone.ActiveCfg = Debug|Any CPU
		{D5DB4CE1-D973-46AF-8263-83CFA6297F60}.Debug|iPhone.Build.0 = Debug|Any CPU
		{D5DB4CE1-D973-46AF-8263-83CFA6297F60}.Debug|iPhone.Deploy.0 = Debug|Any CPU
		{D5DB4CE1-D973-46AF-8263-83CFA6297F60}.Debug|iPhoneSimulator.ActiveCfg = Debug|Any CPU
		{D5DB4CE1-D973-46AF-8263-83CFA6297F60}.Debug|iPhoneSimulator.Build.0 = Debug|Any CPU
		{D5DB4CE1-D973-46AF-8263-83CFA6297F60}.Debug|iPhoneSimulator.Deploy.0 = Debug|Any CPU
		{D5DB4CE1-D973-46AF-8263-83CFA6297F60}.Release|Any CPU.ActiveCfg = Release|Any CPU
		{D5DB4CE1-D973-46AF-8263-83CFA6297F60}.Release|Any CPU.Build.0 = Release|Any CPU
		{D5DB4CE1-D973-46AF-8263-83CFA6297F60}.Release|Any CPU.Deploy.0 = Release|Any CPU
		{D5DB4CE1-D973-46AF-8263-83CFA6297F60}.Release|iPhone.ActiveCfg = Release|Any CPU
		{D5DB4CE1-D973-46AF-8263-83CFA6297F60}.Release|iPhone.Build.0 = Release|Any CPU
		{D5DB4CE1-D973-46AF-8263-83CFA6297F60}.Release|iPhone.Deploy.0 = Release|Any CPU
		{D5DB4CE1-D973-46AF-8263-83CFA6297F60}.Release|iPhoneSimulator.ActiveCfg = Release|Any CPU
		{D5DB4CE1-D973-46AF-8263-83CFA6297F60}.Release|iPhoneSimulator.Build.0 = Release|Any CPU
		{D5DB4CE1-D973-46AF-8263-83CFA6297F60}.Release|iPhoneSimulator.Deploy.0 = Release|Any CPU
		{6C430BFF-98F7-4D42-9671-A66493705DC0}.Debug|Any CPU.ActiveCfg = Debug|iPhoneSimulator
		{6C430BFF-98F7-4D42-9671-A66493705DC0}.Debug|Any CPU.Build.0 = Debug|iPhoneSimulator
		{6C430BFF-98F7-4D42-9671-A66493705DC0}.Debug|Any CPU.Deploy.0 = Debug|iPhoneSimulator
		{6C430BFF-98F7-4D42-9671-A66493705DC0}.Debug|iPhone.ActiveCfg = Debug|iPhone
		{6C430BFF-98F7-4D42-9671-A66493705DC0}.Debug|iPhone.Build.0 = Debug|iPhone
		{6C430BFF-98F7-4D42-9671-A66493705DC0}.Debug|iPhone.Deploy.0 = Debug|iPhone
		{6C430BFF-98F7-4D42-9671-A66493705DC0}.Debug|iPhoneSimulator.ActiveCfg = Debug|iPhoneSimulator
		{6C430BFF-98F7-4D42-9671-A66493705DC0}.Debug|iPhoneSimulator.Build.0 = Debug|iPhoneSimulator
		{6C430BFF-98F7-4D42-9671-A66493705DC0}.Debug|iPhoneSimulator.Deploy.0 = Debug|iPhoneSimulator
		{6C430BFF-98F7-4D42-9671-A66493705DC0}.Release|Any CPU.ActiveCfg = Release|iPhone
		{6C430BFF-98F7-4D42-9671-A66493705DC0}.Release|Any CPU.Build.0 = Release|iPhone
		{6C430BFF-98F7-4D42-9671-A66493705DC0}.Release|Any CPU.Deploy.0 = Release|iPhone
		{6C430BFF-98F7-4D42-9671-A66493705DC0}.Release|iPhone.ActiveCfg = Release|iPhone
		{6C430BFF-98F7-4D42-9671-A66493705DC0}.Release|iPhone.Build.0 = Release|iPhone
		{6C430BFF-98F7-4D42-9671-A66493705DC0}.Release|iPhone.Deploy.0 = Release|iPhone
		{6C430BFF-98F7-4D42-9671-A66493705DC0}.Release|iPhoneSimulator.ActiveCfg = Release|iPhoneSimulator
		{6C430BFF-98F7-4D42-9671-A66493705DC0}.Release|iPhoneSimulator.Build.0 = Release|iPhoneSimulator
		{6C430BFF-98F7-4D42-9671-A66493705DC0}.Release|iPhoneSimulator.Deploy.0 = Release|iPhoneSimulator
		{2A6A98AB-0114-468B-9E41-EE7312374C63}.Debug|Any CPU.ActiveCfg = Debug|Any CPU
		{2A6A98AB-0114-468B-9E41-EE7312374C63}.Debug|Any CPU.Build.0 = Debug|Any CPU
		{2A6A98AB-0114-468B-9E41-EE7312374C63}.Debug|Any CPU.Deploy.0 = Debug|Any CPU
		{2A6A98AB-0114-468B-9E41-EE7312374C63}.Debug|iPhone.ActiveCfg = Debug|Any CPU
		{2A6A98AB-0114-468B-9E41-EE7312374C63}.Debug|iPhone.Build.0 = Debug|Any CPU
		{2A6A98AB-0114-468B-9E41-EE7312374C63}.Debug|iPhone.Deploy.0 = Debug|Any CPU
		{2A6A98AB-0114-468B-9E41-EE7312374C63}.Debug|iPhoneSimulator.ActiveCfg = Debug|Any CPU
		{2A6A98AB-0114-468B-9E41-EE7312374C63}.Debug|iPhoneSimulator.Build.0 = Debug|Any CPU
		{2A6A98AB-0114-468B-9E41-EE7312374C63}.Debug|iPhoneSimulator.Deploy.0 = Debug|Any CPU
		{2A6A98AB-0114-468B-9E41-EE7312374C63}.Release|Any CPU.ActiveCfg = Release|Any CPU
		{2A6A98AB-0114-468B-9E41-EE7312374C63}.Release|Any CPU.Build.0 = Release|Any CPU
		{2A6A98AB-0114-468B-9E41-EE7312374C63}.Release|Any CPU.Deploy.0 = Release|Any CPU
		{2A6A98AB-0114-468B-9E41-EE7312374C63}.Release|iPhone.ActiveCfg = Release|Any CPU
		{2A6A98AB-0114-468B-9E41-EE7312374C63}.Release|iPhone.Build.0 = Release|Any CPU
		{2A6A98AB-0114-468B-9E41-EE7312374C63}.Release|iPhone.Deploy.0 = Release|Any CPU
		{2A6A98AB-0114-468B-9E41-EE7312374C63}.Release|iPhoneSimulator.ActiveCfg = Release|Any CPU
		{2A6A98AB-0114-468B-9E41-EE7312374C63}.Release|iPhoneSimulator.Build.0 = Release|Any CPU
		{2A6A98AB-0114-468B-9E41-EE7312374C63}.Release|iPhoneSimulator.Deploy.0 = Release|Any CPU
	EndGlobalSection
	GlobalSection(SolutionProperties) = preSolution
		HideSolutionNode = FALSE
	EndGlobalSection
	GlobalSection(ExtensibilityGlobals) = postSolution
		SolutionGuid = {230ECBD0-BC6C-4F4D-A0C2-BF7898CC467E}
	EndGlobalSection
EndGlobal
